
Microsoft Visual Studio Solution File, Format Version 12.00
# Visual Studio Version 17
VisualStudioVersion = 17.11.35303.130
MinimumVisualStudioVersion = 10.0.40219.1
Project("{FAE04EC0-301F-11D3-BF4B-00C04F79EFBC}") = "Student_Record_Management", "Student_Record_Management.csproj", "{C0DD3204-95C2-4F5D-A48B-D20FC0CF997C}"
EndProject
Global
	GlobalSection(SolutionConfigurationPlatforms) = preSolution
		Debug|Any CPU = Debug|Any CPU
		Release|Any CPU = Release|Any CPU
	EndGlobalSection
	GlobalSection(ProjectConfigurationPlatforms) = postSolution
		{C0DD3204-95C2-4F5D-A48B-D20FC0CF997C}.Debug|Any CPU.ActiveCfg = Debug|Any CPU
		{C0DD3204-95C2-4F5D-A48B-D20FC0CF997C}.Debug|Any CPU.Build.0 = Debug|Any CPU
		{C0DD3204-95C2-4F5D-A48B-D20FC0CF997C}.Release|Any CPU.ActiveCfg = Release|Any CPU
		{C0DD3204-95C2-4F5D-A48B-D20FC0CF997C}.Release|Any CPU.Build.0 = Release|Any CPU
	EndGlobalSection
	GlobalSection(SolutionProperties) = preSolution
		HideSolutionNode = FALSE
	EndGlobalSection
	GlobalSection(ExtensibilityGlobals) = postSolution
		SolutionGuid = {4E303EC0-88FC-4BA0-AF9F-662535953288}
	EndGlobalSection
EndGlobal
